
Microsoft Visual Studio Solution File, Format Version 12.00
# Visual Studio Version 17
VisualStudioVersion = 17.8.34330.188
MinimumVisualStudioVersion = 10.0.40219.1
Project("{9A19103F-16F7-4668-BE54-9A1E7A4F7556}") = "Library-System", "Library-System.csproj", "{62FD15FB-C38F-412E-A793-A9B59EBAC158}"
EndProject
Global
	GlobalSection(SolutionConfigurationPlatforms) = preSolution
		Debug|Any CPU = Debug|Any CPU
		Release|Any CPU = Release|Any CPU
	EndGlobalSection
	GlobalSection(ProjectConfigurationPlatforms) = postSolution
		{62FD15FB-C38F-412E-A793-A9B59EBAC158}.Debug|Any CPU.ActiveCfg = Debug|Any CPU
		{62FD15FB-C38F-412E-A793-A9B59EBAC158}.Debug|Any CPU.Build.0 = Debug|Any CPU
		{62FD15FB-C38F-412E-A793-A9B59EBAC158}.Release|Any CPU.ActiveCfg = Release|Any CPU
		{62FD15FB-C38F-412E-A793-A9B59EBAC158}.Release|Any CPU.Build.0 = Release|Any CPU
	EndGlobalSection
	GlobalSection(SolutionProperties) = preSolution
		HideSolutionNode = FALSE
	EndGlobalSection
	GlobalSection(ExtensibilityGlobals) = postSolution
		SolutionGuid = {806DE854-D7AB-418B-8984-D49C796F933F}
	EndGlobalSection
EndGlobal
